
Microsoft Visual Studio Solution File, Format Version 12.00
# Visual Studio Version 17
VisualStudioVersion = 17.0.31903.59
MinimumVisualStudioVersion = 10.0.40219.1
Project("{2150E333-8FDC-42A3-9474-1A3956D46DE8}") = "TasteTrailIdentity", "TasteTrailIdentity", "{5E431C7F-FB84-494C-89C8-63F93756D9E0}"
EndProject
Project("{2150E333-8FDC-42A3-9474-1A3956D46DE8}") = "src", "src", "{EB60081A-DD6F-46FC-A6AB-CE6B362C95A7}"
EndProject
Project("{FAE04EC0-301F-11D3-BF4B-00C04F79EFBC}") = "TasteTrailIdentity.Infrastructure", "TasteTrailIdentity\src\TasteTrailIdentity.Infrastructure\TasteTrailIdentity.Infrastructure.csproj", "{88E7B79F-91B0-4D36-96A8-1837DDA2C162}"
EndProject
Project("{FAE04EC0-301F-11D3-BF4B-00C04F79EFBC}") = "TasteTrailIdentity.Api", "TasteTrailIdentity\src\TasteTrailIdentity.Api\TasteTrailIdentity.Api.csproj", "{5E6988B9-496F-4623-BB8D-3B6DFF243E60}"
EndProject
Global
	GlobalSection(SolutionConfigurationPlatforms) = preSolution
		Debug|Any CPU = Debug|Any CPU
		Release|Any CPU = Release|Any CPU
	EndGlobalSection
	GlobalSection(SolutionProperties) = preSolution
		HideSolutionNode = FALSE
	EndGlobalSection
	GlobalSection(ProjectConfigurationPlatforms) = postSolution
		{88E7B79F-91B0-4D36-96A8-1837DDA2C162}.Debug|Any CPU.ActiveCfg = Debug|Any CPU
		{88E7B79F-91B0-4D36-96A8-1837DDA2C162}.Debug|Any CPU.Build.0 = Debug|Any CPU
		{88E7B79F-91B0-4D36-96A8-1837DDA2C162}.Release|Any CPU.ActiveCfg = Release|Any CPU
		{88E7B79F-91B0-4D36-96A8-1837DDA2C162}.Release|Any CPU.Build.0 = Release|Any CPU
		{5E6988B9-496F-4623-BB8D-3B6DFF243E60}.Debug|Any CPU.ActiveCfg = Debug|Any CPU
		{5E6988B9-496F-4623-BB8D-3B6DFF243E60}.Debug|Any CPU.Build.0 = Debug|Any CPU
		{5E6988B9-496F-4623-BB8D-3B6DFF243E60}.Release|Any CPU.ActiveCfg = Release|Any CPU
		{5E6988B9-496F-4623-BB8D-3B6DFF243E60}.Release|Any CPU.Build.0 = Release|Any CPU
	EndGlobalSection
	GlobalSection(NestedProjects) = preSolution
		{EB60081A-DD6F-46FC-A6AB-CE6B362C95A7} = {5E431C7F-FB84-494C-89C8-63F93756D9E0}
		{88E7B79F-91B0-4D36-96A8-1837DDA2C162} = {EB60081A-DD6F-46FC-A6AB-CE6B362C95A7}
		{5E6988B9-496F-4623-BB8D-3B6DFF243E60} = {EB60081A-DD6F-46FC-A6AB-CE6B362C95A7}
	EndGlobalSection
EndGlobal
