
Microsoft Visual Studio Solution File, Format Version 12.00
# Visual Studio Version 17
VisualStudioVersion = 17.0.31903.59
MinimumVisualStudioVersion = 10.0.40219.1
Project("{2150E333-8FDC-42A3-9474-1A3956D46DE8}") = "TasteTrailIdentityManager", "TasteTrailIdentityManager", "{4B489921-F341-4A9D-88D1-4CEC2674798F}"
EndProject
Project("{2150E333-8FDC-42A3-9474-1A3956D46DE8}") = "src", "src", "{06187B2B-C708-4F17-BCF7-60EF3229C173}"
EndProject
Project("{FAE04EC0-301F-11D3-BF4B-00C04F79EFBC}") = "TasteTrailIdentityManager.Api", "TasteTrailIdentityManager\src\TasteTrailIdentityManager.Api\TasteTrailIdentityManager.Api.csproj", "{7DF4394B-A336-4E4C-8C77-0CD1A08BF1AF}"
EndProject
Project("{FAE04EC0-301F-11D3-BF4B-00C04F79EFBC}") = "TasteTrailIdentityManager.Infrastructure", "TasteTrailIdentityManager\src\TasteTrailIdentityManager.Infrastructure\TasteTrailIdentityManager.Infrastructure.csproj", "{C47AF209-D4E8-4B2C-9896-4A5C1F3E0E56}"
EndProject
Project("{FAE04EC0-301F-11D3-BF4B-00C04F79EFBC}") = "TasteTrailIdentityManager.Core", "TasteTrailIdentityManager\src\TasteTrailIdentityManager.Core\TasteTrailIdentityManager.Core.csproj", "{7986589F-7569-4C84-B931-52256BDB4287}"
EndProject
Global
	GlobalSection(SolutionConfigurationPlatforms) = preSolution
		Debug|Any CPU = Debug|Any CPU
		Release|Any CPU = Release|Any CPU
	EndGlobalSection
	GlobalSection(SolutionProperties) = preSolution
		HideSolutionNode = FALSE
	EndGlobalSection
	GlobalSection(ProjectConfigurationPlatforms) = postSolution
		{7DF4394B-A336-4E4C-8C77-0CD1A08BF1AF}.Debug|Any CPU.ActiveCfg = Debug|Any CPU
		{7DF4394B-A336-4E4C-8C77-0CD1A08BF1AF}.Debug|Any CPU.Build.0 = Debug|Any CPU
		{7DF4394B-A336-4E4C-8C77-0CD1A08BF1AF}.Release|Any CPU.ActiveCfg = Release|Any CPU
		{7DF4394B-A336-4E4C-8C77-0CD1A08BF1AF}.Release|Any CPU.Build.0 = Release|Any CPU
		{C47AF209-D4E8-4B2C-9896-4A5C1F3E0E56}.Debug|Any CPU.ActiveCfg = Debug|Any CPU
		{C47AF209-D4E8-4B2C-9896-4A5C1F3E0E56}.Debug|Any CPU.Build.0 = Debug|Any CPU
		{C47AF209-D4E8-4B2C-9896-4A5C1F3E0E56}.Release|Any CPU.ActiveCfg = Release|Any CPU
		{C47AF209-D4E8-4B2C-9896-4A5C1F3E0E56}.Release|Any CPU.Build.0 = Release|Any CPU
		{7986589F-7569-4C84-B931-52256BDB4287}.Debug|Any CPU.ActiveCfg = Debug|Any CPU
		{7986589F-7569-4C84-B931-52256BDB4287}.Debug|Any CPU.Build.0 = Debug|Any CPU
		{7986589F-7569-4C84-B931-52256BDB4287}.Release|Any CPU.ActiveCfg = Release|Any CPU
		{7986589F-7569-4C84-B931-52256BDB4287}.Release|Any CPU.Build.0 = Release|Any CPU
	EndGlobalSection
	GlobalSection(NestedProjects) = preSolution
		{06187B2B-C708-4F17-BCF7-60EF3229C173} = {4B489921-F341-4A9D-88D1-4CEC2674798F}
		{7DF4394B-A336-4E4C-8C77-0CD1A08BF1AF} = {06187B2B-C708-4F17-BCF7-60EF3229C173}
		{C47AF209-D4E8-4B2C-9896-4A5C1F3E0E56} = {06187B2B-C708-4F17-BCF7-60EF3229C173}
		{7986589F-7569-4C84-B931-52256BDB4287} = {06187B2B-C708-4F17-BCF7-60EF3229C173}
	EndGlobalSection
EndGlobal
