
Microsoft Visual Studio Solution File, Format Version 12.00
# Visual Studio Version 17
VisualStudioVersion = 17.5.002.0
MinimumVisualStudioVersion = 10.0.40219.1
Project("{9A19103F-16F7-4668-BE54-9A1E7A4F7556}") = "TasteTrailIDentity.Core", "TasteTrailIDentity.Core.csproj", "{B7852B84-D4E5-4655-85B7-705DD4B65C7C}"
EndProject
Global
	GlobalSection(SolutionConfigurationPlatforms) = preSolution
		Debug|Any CPU = Debug|Any CPU
		Release|Any CPU = Release|Any CPU
	EndGlobalSection
	GlobalSection(ProjectConfigurationPlatforms) = postSolution
		{B7852B84-D4E5-4655-85B7-705DD4B65C7C}.Debug|Any CPU.ActiveCfg = Debug|Any CPU
		{B7852B84-D4E5-4655-85B7-705DD4B65C7C}.Debug|Any CPU.Build.0 = Debug|Any CPU
		{B7852B84-D4E5-4655-85B7-705DD4B65C7C}.Release|Any CPU.ActiveCfg = Release|Any CPU
		{B7852B84-D4E5-4655-85B7-705DD4B65C7C}.Release|Any CPU.Build.0 = Release|Any CPU
	EndGlobalSection
	GlobalSection(SolutionProperties) = preSolution
		HideSolutionNode = FALSE
	EndGlobalSection
	GlobalSection(ExtensibilityGlobals) = postSolution
		SolutionGuid = {7D3C7C4E-5463-4C54-9EBC-9FA2DA87A1AB}
	EndGlobalSection
EndGlobal
